#MicroXplorer Configuration settings - do not modify
Mcu.Family=STM32F4
Dma.I2C1_TX.1.PeriphDataAlignment=DMA_PDATAALIGN_BYTE
ProjectManager.MainLocation=Core/Src
Dma.I2C1_RX.0.PeriphInc=DMA_PINC_DISABLE
Dma.USART1_TX.2.Direction=DMA_MEMORY_TO_PERIPH
SH.GPXTI5.0=GPIO_EXTI5
ProjectManager.ProjectFileName=USBPDDemo.ioc
RCC.CortexFreq_Value=84000000
Dma.I2C1_RX.0.MemDataAlignment=DMA_MDATAALIGN_BYTE
Dma.I2C1_TX.1.RequestParameters=Instance,Direction,PeriphInc,MemInc,PeriphDataAlignment,MemDataAlignment,Mode,Priority,FIFOMode
Dma.USART1_RX.3.RequestParameters=Instance,Direction,PeriphInc,MemInc,PeriphDataAlignment,MemDataAlignment,Mode,Priority,FIFOMode
NVIC.I2C1_EV_IRQn=true\:0\:0\:false\:false\:true\:true\:true
ProjectManager.KeepUserCode=true
PA10.Mode=Asynchronous
Mcu.UserName=STM32F401CCUx
Mcu.PinsNb=10
Dma.USART1_TX.2.MemInc=DMA_MINC_ENABLE
ProjectManager.NoMain=false
Dma.USART1_RX.3.PeriphInc=DMA_PINC_DISABLE
USART1.BaudRate=1000000
Dma.I2C1_TX.1.Mode=DMA_NORMAL
RCC.PLLCLKFreq_Value=84000000
PA9.GPIO_Label=UART_TX
PA14.GPIO_Label=SWCLK
RCC.PLLQCLKFreq_Value=42000000
ProjectManager.functionlistsort=1-MX_GPIO_Init-GPIO-false-HAL-true,2-MX_DMA_Init-DMA-false-HAL-true,3-SystemClock_Config-RCC-false-HAL-false,4-MX_I2C1_Init-I2C1-false-HAL-true,5-MX_USART1_UART_Init-USART1-false-HAL-true
PH1\ -\ OSC_OUT.Mode=HSE-External-Oscillator
PA9.GPIOParameters=GPIO_Label
RCC.RTCFreq_Value=32000
ProjectManager.DefaultFWLocation=true
PB6.GPIO_Label=FUSB_SCL
Dma.USART1_TX.2.RequestParameters=Instance,Direction,PeriphInc,MemInc,PeriphDataAlignment,MemDataAlignment,Mode,Priority,FIFOMode
Dma.USART1_RX.3.MemDataAlignment=DMA_MDATAALIGN_BYTE
ProjectManager.DeletePrevious=true
USART1.IPParameters=VirtualMode,BaudRate
RCC.APB1CLKDivider=RCC_HCLK_DIV2
PinOutPanel.RotationAngle=0
RCC.SYSCLKSource=RCC_SYSCLKSOURCE_PLLCLK
ProjectManager.StackSize=0x400
PB5.GPIOParameters=GPIO_Label
Dma.I2C1_TX.1.Direction=DMA_MEMORY_TO_PERIPH
PA13.Signal=SYS_JTMS-SWDIO
Mcu.IP4=SYS
RCC.FCLKCortexFreq_Value=84000000
Mcu.IP5=USART1
Mcu.IP2=NVIC
NVIC.SVCall_IRQn=true\:0\:0\:false\:false\:true\:false\:false
Mcu.IP3=RCC
Mcu.IP0=DMA
PA9.Mode=Asynchronous
Mcu.IP1=I2C1
PH0\ -\ OSC_IN.Mode=HSE-External-Oscillator
Mcu.UserConstants=
PH0\ -\ OSC_IN.Signal=RCC_OSC_IN
Dma.USART1_RX.3.FIFOMode=DMA_FIFOMODE_DISABLE
ProjectManager.TargetToolchain=STM32CubeIDE
Mcu.ThirdPartyNb=0
PB7.GPIOParameters=GPIO_Label
RCC.HCLKFreq_Value=84000000
Mcu.IPNb=6
RCC.I2SClocksFreq_Value=192000000
ProjectManager.PreviousToolchain=STM32CubeIDE
RCC.APB2TimFreq_Value=84000000
PA9.Signal=USART1_TX
PB6.Signal=I2C1_SCL
RCC.VcooutputI2S=192000000
Dma.I2C1_RX.0.MemInc=DMA_MINC_ENABLE
Dma.I2C1_TX.1.Instance=DMA1_Stream6
PB5.Locked=true
Dma.I2C1_RX.0.PeriphDataAlignment=DMA_PDATAALIGN_BYTE
PB6.Mode=I2C
Dma.I2C1_TX.1.PeriphInc=DMA_PINC_DISABLE
Mcu.Pin6=PB5
Mcu.Pin7=PB6
ProjectManager.RegisterCallBack=
Mcu.Pin8=PB7
Mcu.Pin9=VP_SYS_VS_Systick
RCC.LSE_VALUE=32768
RCC.AHBFreq_Value=84000000
Mcu.Pin0=PH0 - OSC_IN
Mcu.Pin1=PH1 - OSC_OUT
GPIO.groupedBy=
Mcu.Pin2=PA9
Dma.I2C1_RX.0.Priority=DMA_PRIORITY_LOW
Mcu.Pin3=PA10
Mcu.Pin4=PA13
RCC.VCOI2SOutputFreq_Value=384000000
Mcu.Pin5=PA14
ProjectManager.ProjectBuild=false
RCC.HSE_VALUE=25000000
NVIC.UsageFault_IRQn=true\:0\:0\:false\:false\:true\:false\:false
NVIC.DebugMonitor_IRQn=true\:0\:0\:false\:false\:true\:false\:false
PH1\ -\ OSC_OUT.Signal=RCC_OSC_OUT
board=custom
Dma.I2C1_RX.0.Mode=DMA_NORMAL
RCC.VCOOutputFreq_Value=168000000
Dma.I2C1_TX.1.Priority=DMA_PRIORITY_LOW
NVIC.SysTick_IRQn=true\:0\:0\:false\:false\:true\:false\:true
ProjectManager.LastFirmware=true
Dma.USART1_TX.2.FIFOMode=DMA_FIFOMODE_DISABLE
Dma.I2C1_TX.1.FIFOMode=DMA_FIFOMODE_DISABLE
ProjectManager.FirmwarePackage=STM32Cube FW_F4 V1.26.1
MxDb.Version=DB.6.0.21
RCC.APB2Freq_Value=84000000
ProjectManager.BackupPrevious=false
MxCube.Version=6.2.1
RCC.VCOInputFreq_Value=2000000
PA14.Mode=Serial_Wire
Dma.I2C1_TX.1.MemInc=DMA_MINC_ENABLE
Dma.USART1_TX.2.Priority=DMA_PRIORITY_LOW
File.Version=6
VP_SYS_VS_Systick.Mode=SysTick
PA10.GPIOParameters=GPIO_Label
PA10.GPIO_Label=UART_RX
Dma.USART1_TX.2.PeriphDataAlignment=DMA_PDATAALIGN_BYTE
PB7.Signal=I2C1_SDA
Dma.USART1_RX.3.Direction=DMA_PERIPH_TO_MEMORY
NVIC.NonMaskableInt_IRQn=true\:0\:0\:false\:false\:true\:false\:false
Dma.I2C1_TX.1.MemDataAlignment=DMA_MDATAALIGN_BYTE
Dma.I2C1_RX.0.Direction=DMA_PERIPH_TO_MEMORY
NVIC.PendSV_IRQn=true\:0\:0\:false\:false\:true\:false\:false
Dma.USART1_RX.3.PeriphDataAlignment=DMA_PDATAALIGN_BYTE
Dma.USART1_TX.2.MemDataAlignment=DMA_MDATAALIGN_BYTE
PA13.Mode=Serial_Wire
ProjectManager.FreePins=false
NVIC.I2C1_ER_IRQn=true\:0\:0\:false\:false\:true\:true\:true
RCC.IPParameters=48MHZClocksFreq_Value,AHBFreq_Value,APB1CLKDivider,APB1Freq_Value,APB1TimFreq_Value,APB2Freq_Value,APB2TimFreq_Value,CortexFreq_Value,FCLKCortexFreq_Value,HCLKFreq_Value,HSE_VALUE,HSI_VALUE,I2SClocksFreq_Value,LSE_VALUE,LSI_VALUE,PLLCLKFreq_Value,PLLM,PLLN,PLLQCLKFreq_Value,RTCFreq_Value,RTCHSEDivFreq_Value,SYSCLKFreq_VALUE,SYSCLKSource,VCOI2SOutputFreq_Value,VCOInputFreq_Value,VCOOutputFreq_Value,VcooutputI2S
ProjectManager.AskForMigrate=true
Dma.RequestsNb=4
Mcu.Name=STM32F401C(B-C)Ux
PB6.GPIOParameters=GPIO_Label
ProjectManager.HalAssertFull=false
RCC.RTCHSEDivFreq_Value=12500000
PA13.GPIO_Label=SWDIO
Dma.USART1_RX.3.Priority=DMA_PRIORITY_LOW
ProjectManager.ProjectName=USBPDDemo
ProjectManager.UnderRoot=true
Dma.USART1_TX.2.PeriphInc=DMA_PINC_DISABLE
PA13.GPIOParameters=GPIO_Label
ProjectManager.CoupleFile=true
PB7.GPIO_Label=FUSB_SDA
RCC.48MHZClocksFreq_Value=42000000
RCC.SYSCLKFreq_VALUE=84000000
Mcu.Package=UFQFPN48
PB5.Signal=GPXTI5
Dma.USART1_RX.3.Instance=DMA2_Stream2
NVIC.DMA2_Stream7_IRQn=true\:0\:0\:false\:false\:true\:false\:true
NVIC.ForceEnableDMAVector=true
KeepUserPlacement=false
PA14.GPIOParameters=GPIO_Label
NVIC.MemoryManagement_IRQn=true\:0\:0\:false\:false\:true\:false\:false
USART1.VirtualMode=VM_ASYNC
ProjectManager.CompilerOptimize=6
ProjectManager.ToolChainLocation=
RCC.LSI_VALUE=32000
VP_SYS_VS_Systick.Signal=SYS_VS_Systick
PB7.Mode=I2C
SH.GPXTI5.ConfNb=1
PA10.Signal=USART1_RX
PA14.Signal=SYS_JTCK-SWCLK
ProjectManager.HeapSize=0x200
Dma.I2C1_RX.0.FIFOMode=DMA_FIFOMODE_DISABLE
Dma.I2C1_RX.0.RequestParameters=Instance,Direction,PeriphInc,MemInc,PeriphDataAlignment,MemDataAlignment,Mode,Priority,FIFOMode
NVIC.HardFault_IRQn=true\:0\:0\:false\:false\:true\:false\:false
ProjectManager.ComputerToolchain=false
Dma.USART1_TX.2.Mode=DMA_NORMAL
RCC.HSI_VALUE=16000000
NVIC.PriorityGroup=NVIC_PRIORITYGROUP_4
PB5.GPIO_Label=FUSB_IRQ
Dma.USART1_TX.2.Instance=DMA2_Stream7
NVIC.DMA2_Stream2_IRQn=true\:0\:0\:false\:false\:true\:false\:true
RCC.PLLM=8
RCC.PLLN=84
Dma.Request2=USART1_TX
Dma.Request1=I2C1_TX
RCC.APB1TimFreq_Value=84000000
Dma.Request3=USART1_RX
NVIC.BusFault_IRQn=true\:0\:0\:false\:false\:true\:false\:false
NVIC.DMA1_Stream0_IRQn=true\:0\:0\:false\:false\:true\:false\:true
NVIC.USART1_IRQn=true\:0\:0\:false\:false\:true\:true\:true
Dma.Request0=I2C1_RX
NVIC.DMA1_Stream6_IRQn=true\:0\:0\:false\:false\:true\:false\:true
RCC.APB1Freq_Value=42000000
Dma.USART1_RX.3.Mode=DMA_NORMAL
Dma.USART1_RX.3.MemInc=DMA_MINC_ENABLE
Dma.I2C1_RX.0.Instance=DMA1_Stream0
ProjectManager.CustomerFirmwarePackage=
ProjectManager.DeviceId=STM32F401CCUx
ProjectManager.LibraryCopy=1
